
Microsoft Visual Studio Solution File, Format Version 12.00
# Visual Studio Version 17
VisualStudioVersion = 17.3.32804.467
MinimumVisualStudioVersion = 10.0.40219.1
Project("{FAE04EC0-301F-11D3-BF4B-00C04F79EFBC}") = "prob 8", "prob 8\prob 8.csproj", "{0D460F7B-0B7B-4807-8309-4C5C9CC30CD4}"
EndProject
Global
	GlobalSection(SolutionConfigurationPlatforms) = preSolution
		Debug|Any CPU = Debug|Any CPU
		Release|Any CPU = Release|Any CPU
	EndGlobalSection
	GlobalSection(ProjectConfigurationPlatforms) = postSolution
		{0D460F7B-0B7B-4807-8309-4C5C9CC30CD4}.Debug|Any CPU.ActiveCfg = Debug|Any CPU
		{0D460F7B-0B7B-4807-8309-4C5C9CC30CD4}.Debug|Any CPU.Build.0 = Debug|Any CPU
		{0D460F7B-0B7B-4807-8309-4C5C9CC30CD4}.Release|Any CPU.ActiveCfg = Release|Any CPU
		{0D460F7B-0B7B-4807-8309-4C5C9CC30CD4}.Release|Any CPU.Build.0 = Release|Any CPU
	EndGlobalSection
	GlobalSection(SolutionProperties) = preSolution
		HideSolutionNode = FALSE
	EndGlobalSection
	GlobalSection(ExtensibilityGlobals) = postSolution
		SolutionGuid = {B94EE746-62D3-4370-BCA7-3962C1B70F4C}
	EndGlobalSection
EndGlobal
